
Microsoft Visual Studio Solution File, Format Version 12.00
# Visual Studio Version 17
VisualStudioVersion = 17.5.33502.453
MinimumVisualStudioVersion = 10.0.40219.1
Project("{2150E333-8FDC-42A3-9474-1A3956D46DE8}") = "Shop.Managment", "Shop.Managment", "{10D603E7-FA2D-4C58-A6D1-AC14B0082953}"
EndProject
Project("{2150E333-8FDC-42A3-9474-1A3956D46DE8}") = "SM.Domain", "SM.Domain", "{03C7ED2B-C695-44FA-94F8-39164A85BE31}"
EndProject
Project("{9A19103F-16F7-4668-BE54-9A1E7A4F7556}") = "ShopManagment.Domain", "ShopManagment.Domain\ShopManagment.Domain.csproj", "{086A59EC-A925-450F-80F8-9672FBF14304}"
EndProject
Project("{9A19103F-16F7-4668-BE54-9A1E7A4F7556}") = "01_Framework", "01_Framework\01_Framework.csproj", "{ABA01852-86E0-4C01-BE8E-03CDCD39C5FA}"
EndProject
Project("{2150E333-8FDC-42A3-9474-1A3956D46DE8}") = "SM.Application", "SM.Application", "{4559E35A-705C-4203-875F-4B0483510DBD}"
EndProject
Project("{9A19103F-16F7-4668-BE54-9A1E7A4F7556}") = "ShopManagment.Application.Contract", "ShopManagment.Application.Contract\ShopManagment.Application.Contract.csproj", "{1FB1C540-582C-4C38-AC7C-939BA6DD0B19}"
EndProject
Project("{9A19103F-16F7-4668-BE54-9A1E7A4F7556}") = "ShopManagment.Application", "ShopManagment.Application\ShopManagment.Application.csproj", "{82F5F314-7A62-43F7-8EFF-D95EB94E2404}"
EndProject
Project("{2150E333-8FDC-42A3-9474-1A3956D46DE8}") = "SM.Infrastucure", "SM.Infrastucure", "{3F14ACD0-8A18-4004-B02D-C86EDEF618AA}"
EndProject
Project("{9A19103F-16F7-4668-BE54-9A1E7A4F7556}") = "ShopManagment.Infrastucure.EfCore", "ShopManagment.Infrastucure.EfCore\ShopManagment.Infrastucure.EfCore.csproj", "{E92B491E-4CA5-44B9-B3DD-38462A4AB077}"
EndProject
Project("{9A19103F-16F7-4668-BE54-9A1E7A4F7556}") = "WebHost", "WebHost\WebHost.csproj", "{BFD1C1D8-9953-4E7A-8AB6-FBC69262F963}"
EndProject
Project("{9A19103F-16F7-4668-BE54-9A1E7A4F7556}") = "ShopManagment.Infrastucure.Configoration", "ShopManagment.Infrastucure.Configoration\ShopManagment.Infrastucure.Configoration.csproj", "{F9C19C39-D8F8-4BF5-8CA2-8EBB87FCDC85}"
EndProject
Project("{2150E333-8FDC-42A3-9474-1A3956D46DE8}") = "Discount.Managment", "Discount.Managment", "{D19E5B26-33E4-4B6F-B9CE-875D0D7A6F39}"
EndProject
Project("{2150E333-8FDC-42A3-9474-1A3956D46DE8}") = "DM.Domain", "DM.Domain", "{886363A7-C049-43B0-BA0D-2FAB15C06725}"
EndProject
Project("{9A19103F-16F7-4668-BE54-9A1E7A4F7556}") = "DiscountManagment.Domain", "DiscountManagment.Domain\DiscountManagment.Domain.csproj", "{17A997AB-94C3-479F-932E-9A5EE5385078}"
EndProject
Project("{2150E333-8FDC-42A3-9474-1A3956D46DE8}") = "DM.Application", "DM.Application", "{F7D06669-1DF8-47E0-8B92-74C0DE192B87}"
EndProject
Project("{9A19103F-16F7-4668-BE54-9A1E7A4F7556}") = "DiscountManagment.Application.Contract", "DiscountManagment.Application.Contract\DiscountManagment.Application.Contract.csproj", "{0B443E83-232C-4A20-9F12-B16556DC3FC4}"
EndProject
Project("{9A19103F-16F7-4668-BE54-9A1E7A4F7556}") = "DiscountManagment.Application", "DiscountManagment.Application\DiscountManagment.Application.csproj", "{473DB134-CC86-42A9-A3D8-0E67CA45ED09}"
EndProject
Project("{2150E333-8FDC-42A3-9474-1A3956D46DE8}") = "DM.Infrastucure", "DM.Infrastucure", "{4EABEBFA-A73F-4BAB-8D94-469B58EF2F5D}"
EndProject
Project("{9A19103F-16F7-4668-BE54-9A1E7A4F7556}") = "DiscountManagment.Infrastucure.EfCore", "DiscountManagment.Infrastucure.EfCore\DiscountManagment.Infrastucure.EfCore.csproj", "{322CA59A-2B7F-4CCD-AEA6-DDF34A4EEE07}"
EndProject
Project("{9A19103F-16F7-4668-BE54-9A1E7A4F7556}") = "DiscountManagment.Infrastucure.Configuration", "DiscountManagment.Infrastucure.Configuration\DiscountManagment.Infrastucure.Configuration.csproj", "{FFAC86EE-8DD5-4E1C-98F5-40CD2BA41169}"
EndProject
Project("{2150E333-8FDC-42A3-9474-1A3956D46DE8}") = "InventoryManagment", "InventoryManagment", "{F4166E80-AC24-42C2-9689-E9B2FB2F4C90}"
EndProject
Project("{2150E333-8FDC-42A3-9474-1A3956D46DE8}") = "IM.Domain", "IM.Domain", "{3DF2785E-AED7-4EEE-9C72-5213D132CFC9}"
EndProject
Project("{9A19103F-16F7-4668-BE54-9A1E7A4F7556}") = "InventoryManagment.Domain", "InventoryManagment.Domain\InventoryManagment.Domain.csproj", "{BF48FDF2-A78B-43AD-8ABA-9BBFC5D38034}"
EndProject
Project("{2150E333-8FDC-42A3-9474-1A3956D46DE8}") = "IM.Application", "IM.Application", "{0846B25A-37FC-4158-9DC1-F032AEC5B8EE}"
EndProject
Project("{9A19103F-16F7-4668-BE54-9A1E7A4F7556}") = "InventoryManagment.Application.Contract", "InventoryManagment.Application.Contract\InventoryManagment.Application.Contract.csproj", "{10C8404F-2C2A-4175-85F4-8700F912213B}"
EndProject
Project("{2150E333-8FDC-42A3-9474-1A3956D46DE8}") = "IM.Infrasctucure", "IM.Infrasctucure", "{388EA3D7-A019-4AFC-9DBB-B7017E2EC441}"
EndProject
Project("{9A19103F-16F7-4668-BE54-9A1E7A4F7556}") = "InventoryManagment.Application", "InventoryManagment.Application\InventoryManagment.Application.csproj", "{8B4C037D-2A2D-48CE-9EAC-F448BB8EB1B3}"
EndProject
Project("{9A19103F-16F7-4668-BE54-9A1E7A4F7556}") = "InventoryManagment.Infrasctucure.EfCore", "InventoryManagment.Infrasctucure.EfCore\InventoryManagment.Infrasctucure.EfCore.csproj", "{DEDC7660-1C25-4631-9429-2F9180B1C515}"
EndProject
Project("{9A19103F-16F7-4668-BE54-9A1E7A4F7556}") = "InventoryManagment.Infrasctucure.Configuration", "InventoryManagment.Infrasctucure.Configuration\InventoryManagment.Infrasctucure.Configuration.csproj", "{17B6626C-F763-4E85-BC99-F19623AAF7D6}"
EndProject
Project("{9A19103F-16F7-4668-BE54-9A1E7A4F7556}") = "BookCity.Query", "BookCity.Query\BookCity.Query.csproj", "{B2429C0B-493B-4351-B928-F90E2F0AD6FD}"
EndProject
Project("{2150E333-8FDC-42A3-9474-1A3956D46DE8}") = "BlogManagment", "BlogManagment", "{13B52890-8110-4810-8D58-B8294250ADC8}"
EndProject
Project("{2150E333-8FDC-42A3-9474-1A3956D46DE8}") = "BM.Domain", "BM.Domain", "{DE60D936-56A0-4D5E-B9CD-A86A9FCEB131}"
EndProject
Project("{9A19103F-16F7-4668-BE54-9A1E7A4F7556}") = "BlogManagment.Domain", "BlogManagment.Domain\BlogManagment.Domain.csproj", "{97C931C6-2070-4F4E-84DA-8D464D5A1CCF}"
EndProject
Project("{2150E333-8FDC-42A3-9474-1A3956D46DE8}") = "BM.Application", "BM.Application", "{FA7F5971-0E0C-4C83-8B4A-4B4CBC8DD3E0}"
EndProject
Project("{9A19103F-16F7-4668-BE54-9A1E7A4F7556}") = "BlogManagment.Application.Contract", "BlogManagment.Application.Contract\BlogManagment.Application.Contract.csproj", "{3406A39B-7E1E-404E-A044-DA380FC60DAD}"
EndProject
Project("{9A19103F-16F7-4668-BE54-9A1E7A4F7556}") = "BlogManagment.Application", "BlogManagment.Application\BlogManagment.Application.csproj", "{2256E1D3-84A8-45F2-A86A-966FB07C48E2}"
EndProject
Project("{2150E333-8FDC-42A3-9474-1A3956D46DE8}") = "BM.Infrastucure", "BM.Infrastucure", "{A1A46A30-2830-41C7-A104-A87F345E29A0}"
EndProject
Project("{9A19103F-16F7-4668-BE54-9A1E7A4F7556}") = "BlogManagment.Infrastucure.EfCore", "BlogManagment.Infrastucure.EfCore\BlogManagment.Infrastucure.EfCore.csproj", "{4F3EC0BB-AFC5-4B99-9784-0B572DB5CE40}"
EndProject
Project("{9A19103F-16F7-4668-BE54-9A1E7A4F7556}") = "BlogManagment.Infrastucure.Configuration", "BlogManagment.Infrastucure.Configuration\BlogManagment.Infrastucure.Configuration.csproj", "{9B891509-7310-48B4-8D20-91CA308CBA1E}"
EndProject
Project("{2150E333-8FDC-42A3-9474-1A3956D46DE8}") = "CommentManagment", "CommentManagment", "{E5D726AD-D4B1-4AF6-B233-E207F3EE95D0}"
EndProject
Project("{2150E333-8FDC-42A3-9474-1A3956D46DE8}") = "CM.Domain", "CM.Domain", "{777325A4-F6D4-4A6A-AE1D-F5C1C00522EA}"
EndProject
Project("{9A19103F-16F7-4668-BE54-9A1E7A4F7556}") = "CommentManagment.Domain", "CommentManagment.Domain\CommentManagment.Domain.csproj", "{12373204-F086-4AD8-9E03-987B79EA0633}"
EndProject
Project("{2150E333-8FDC-42A3-9474-1A3956D46DE8}") = "CM.Application", "CM.Application", "{19C37A30-705A-452E-AF91-D3EF8AB6D8F8}"
EndProject
Project("{9A19103F-16F7-4668-BE54-9A1E7A4F7556}") = "CommentApplication.Application.Contracts", "CommentApplication.Application.Contracts\CommentApplication.Application.Contracts.csproj", "{E224C210-0C7F-45C0-BBC2-D290BE2F998B}"
EndProject
Project("{9A19103F-16F7-4668-BE54-9A1E7A4F7556}") = "CommentApplication.Application", "CommentApplication.Application\CommentApplication.Application.csproj", "{0BF2B5C3-2989-4977-9856-5BA6DCEB848D}"
EndProject
Project("{2150E333-8FDC-42A3-9474-1A3956D46DE8}") = "CM.Infrastucure", "CM.Infrastucure", "{6677A556-049D-4B25-AE12-2FB4026134F2}"
EndProject
Project("{9A19103F-16F7-4668-BE54-9A1E7A4F7556}") = "CommentManagment.Infrastucure.EfCore", "CommentManagment.Infrastucure.EfCore\CommentManagment.Infrastucure.EfCore.csproj", "{24990365-C213-4008-B9FC-B9CFDC3635E6}"
EndProject
Project("{9A19103F-16F7-4668-BE54-9A1E7A4F7556}") = "CommentManagment.Infrastucure.Configuration", "CommentManagment.Infrastucure.Configuration\CommentManagment.Infrastucure.Configuration.csproj", "{93C059EC-BD2B-47CA-A5E8-5C7AAD21324E}"
EndProject
Project("{2150E333-8FDC-42A3-9474-1A3956D46DE8}") = "AccountManagment", "AccountManagment", "{7989BF43-E355-4EDF-BE44-1CE218920D8E}"
EndProject
Project("{2150E333-8FDC-42A3-9474-1A3956D46DE8}") = "AM.Domain", "AM.Domain", "{12012617-1EF5-46BD-B5C4-40995CF8C8D0}"
EndProject
Project("{FAE04EC0-301F-11D3-BF4B-00C04F79EFBC}") = "AccountManagment.Domain", "AccountManagment.Domain\AccountManagment.Domain.csproj", "{A0985965-F2FD-47D3-96E3-FBA20599BE0A}"
EndProject
Project("{2150E333-8FDC-42A3-9474-1A3956D46DE8}") = "AM.Application", "AM.Application", "{BBF1F752-1B37-4EAA-99A2-9CF3985C869E}"
EndProject
Project("{FAE04EC0-301F-11D3-BF4B-00C04F79EFBC}") = "AccountManagment.Application.Contracts", "AccountManagment.Application.Contracts\AccountManagment.Application.Contracts.csproj", "{F580D7E6-EDAB-4410-BBA0-6B40DE0095DB}"
EndProject
Project("{2150E333-8FDC-42A3-9474-1A3956D46DE8}") = "AM.Infrastucure", "AM.Infrastucure", "{5B507D15-30A6-414C-8F26-8E2B2976165C}"
EndProject
Project("{FAE04EC0-301F-11D3-BF4B-00C04F79EFBC}") = "AccountManagment.Infrastucure.EfCore", "AccountManagment.Infrastucure.EfCore\AccountManagment.Infrastucure.EfCore.csproj", "{BDD1799D-6AA3-4321-9727-F7DA4B6E51C6}"
EndProject
Project("{FAE04EC0-301F-11D3-BF4B-00C04F79EFBC}") = "AccountManagment.Application", "AccountManagment.Application\AccountManagment.Application.csproj", "{E2D9DD48-EF68-41C5-9AF9-BD039C523DAE}"
EndProject
Project("{FAE04EC0-301F-11D3-BF4B-00C04F79EFBC}") = "AccountManagment.Infrastucure.Configuration", "AccountManagment.Infrastucure.Configuration\AccountManagment.Infrastucure.Configuration.csproj", "{2634B330-8F68-4AF0-9842-D1748DCBA107}"
EndProject
Global
	GlobalSection(SolutionConfigurationPlatforms) = preSolution
		Debug|Any CPU = Debug|Any CPU
		Release|Any CPU = Release|Any CPU
	EndGlobalSection
	GlobalSection(ProjectConfigurationPlatforms) = postSolution
		{086A59EC-A925-450F-80F8-9672FBF14304}.Debug|Any CPU.ActiveCfg = Debug|Any CPU
		{086A59EC-A925-450F-80F8-9672FBF14304}.Debug|Any CPU.Build.0 = Debug|Any CPU
		{086A59EC-A925-450F-80F8-9672FBF14304}.Release|Any CPU.ActiveCfg = Release|Any CPU
		{086A59EC-A925-450F-80F8-9672FBF14304}.Release|Any CPU.Build.0 = Release|Any CPU
		{ABA01852-86E0-4C01-BE8E-03CDCD39C5FA}.Debug|Any CPU.ActiveCfg = Debug|Any CPU
		{ABA01852-86E0-4C01-BE8E-03CDCD39C5FA}.Debug|Any CPU.Build.0 = Debug|Any CPU
		{ABA01852-86E0-4C01-BE8E-03CDCD39C5FA}.Release|Any CPU.ActiveCfg = Release|Any CPU
		{ABA01852-86E0-4C01-BE8E-03CDCD39C5FA}.Release|Any CPU.Build.0 = Release|Any CPU
		{1FB1C540-582C-4C38-AC7C-939BA6DD0B19}.Debug|Any CPU.ActiveCfg = Debug|Any CPU
		{1FB1C540-582C-4C38-AC7C-939BA6DD0B19}.Debug|Any CPU.Build.0 = Debug|Any CPU
		{1FB1C540-582C-4C38-AC7C-939BA6DD0B19}.Release|Any CPU.ActiveCfg = Release|Any CPU
		{1FB1C540-582C-4C38-AC7C-939BA6DD0B19}.Release|Any CPU.Build.0 = Release|Any CPU
		{82F5F314-7A62-43F7-8EFF-D95EB94E2404}.Debug|Any CPU.ActiveCfg = Debug|Any CPU
		{82F5F314-7A62-43F7-8EFF-D95EB94E2404}.Debug|Any CPU.Build.0 = Debug|Any CPU
		{82F5F314-7A62-43F7-8EFF-D95EB94E2404}.Release|Any CPU.ActiveCfg = Release|Any CPU
		{82F5F314-7A62-43F7-8EFF-D95EB94E2404}.Release|Any CPU.Build.0 = Release|Any CPU
		{E92B491E-4CA5-44B9-B3DD-38462A4AB077}.Debug|Any CPU.ActiveCfg = Debug|Any CPU
		{E92B491E-4CA5-44B9-B3DD-38462A4AB077}.Debug|Any CPU.Build.0 = Debug|Any CPU
		{E92B491E-4CA5-44B9-B3DD-38462A4AB077}.Release|Any CPU.ActiveCfg = Release|Any CPU
		{E92B491E-4CA5-44B9-B3DD-38462A4AB077}.Release|Any CPU.Build.0 = Release|Any CPU
		{BFD1C1D8-9953-4E7A-8AB6-FBC69262F963}.Debug|Any CPU.ActiveCfg = Debug|Any CPU
		{BFD1C1D8-9953-4E7A-8AB6-FBC69262F963}.Debug|Any CPU.Build.0 = Debug|Any CPU
		{BFD1C1D8-9953-4E7A-8AB6-FBC69262F963}.Release|Any CPU.ActiveCfg = Release|Any CPU
		{BFD1C1D8-9953-4E7A-8AB6-FBC69262F963}.Release|Any CPU.Build.0 = Release|Any CPU
		{F9C19C39-D8F8-4BF5-8CA2-8EBB87FCDC85}.Debug|Any CPU.ActiveCfg = Debug|Any CPU
		{F9C19C39-D8F8-4BF5-8CA2-8EBB87FCDC85}.Debug|Any CPU.Build.0 = Debug|Any CPU
		{F9C19C39-D8F8-4BF5-8CA2-8EBB87FCDC85}.Release|Any CPU.ActiveCfg = Release|Any CPU
		{F9C19C39-D8F8-4BF5-8CA2-8EBB87FCDC85}.Release|Any CPU.Build.0 = Release|Any CPU
		{17A997AB-94C3-479F-932E-9A5EE5385078}.Debug|Any CPU.ActiveCfg = Debug|Any CPU
		{17A997AB-94C3-479F-932E-9A5EE5385078}.Debug|Any CPU.Build.0 = Debug|Any CPU
		{17A997AB-94C3-479F-932E-9A5EE5385078}.Release|Any CPU.ActiveCfg = Release|Any CPU
		{17A997AB-94C3-479F-932E-9A5EE5385078}.Release|Any CPU.Build.0 = Release|Any CPU
		{0B443E83-232C-4A20-9F12-B16556DC3FC4}.Debug|Any CPU.ActiveCfg = Debug|Any CPU
		{0B443E83-232C-4A20-9F12-B16556DC3FC4}.Debug|Any CPU.Build.0 = Debug|Any CPU
		{0B443E83-232C-4A20-9F12-B16556DC3FC4}.Release|Any CPU.ActiveCfg = Release|Any CPU
		{0B443E83-232C-4A20-9F12-B16556DC3FC4}.Release|Any CPU.Build.0 = Release|Any CPU
		{473DB134-CC86-42A9-A3D8-0E67CA45ED09}.Debug|Any CPU.ActiveCfg = Debug|Any CPU
		{473DB134-CC86-42A9-A3D8-0E67CA45ED09}.Debug|Any CPU.Build.0 = Debug|Any CPU
		{473DB134-CC86-42A9-A3D8-0E67CA45ED09}.Release|Any CPU.ActiveCfg = Release|Any CPU
		{473DB134-CC86-42A9-A3D8-0E67CA45ED09}.Release|Any CPU.Build.0 = Release|Any CPU
		{322CA59A-2B7F-4CCD-AEA6-DDF34A4EEE07}.Debug|Any CPU.ActiveCfg = Debug|Any CPU
		{322CA59A-2B7F-4CCD-AEA6-DDF34A4EEE07}.Debug|Any CPU.Build.0 = Debug|Any CPU
		{322CA59A-2B7F-4CCD-AEA6-DDF34A4EEE07}.Release|Any CPU.ActiveCfg = Release|Any CPU
		{322CA59A-2B7F-4CCD-AEA6-DDF34A4EEE07}.Release|Any CPU.Build.0 = Release|Any CPU
		{FFAC86EE-8DD5-4E1C-98F5-40CD2BA41169}.Debug|Any CPU.ActiveCfg = Debug|Any CPU
		{FFAC86EE-8DD5-4E1C-98F5-40CD2BA41169}.Debug|Any CPU.Build.0 = Debug|Any CPU
		{FFAC86EE-8DD5-4E1C-98F5-40CD2BA41169}.Release|Any CPU.ActiveCfg = Release|Any CPU
		{FFAC86EE-8DD5-4E1C-98F5-40CD2BA41169}.Release|Any CPU.Build.0 = Release|Any CPU
		{BF48FDF2-A78B-43AD-8ABA-9BBFC5D38034}.Debug|Any CPU.ActiveCfg = Debug|Any CPU
		{BF48FDF2-A78B-43AD-8ABA-9BBFC5D38034}.Debug|Any CPU.Build.0 = Debug|Any CPU
		{BF48FDF2-A78B-43AD-8ABA-9BBFC5D38034}.Release|Any CPU.ActiveCfg = Release|Any CPU
		{BF48FDF2-A78B-43AD-8ABA-9BBFC5D38034}.Release|Any CPU.Build.0 = Release|Any CPU
		{10C8404F-2C2A-4175-85F4-8700F912213B}.Debug|Any CPU.ActiveCfg = Debug|Any CPU
		{10C8404F-2C2A-4175-85F4-8700F912213B}.Debug|Any CPU.Build.0 = Debug|Any CPU
		{10C8404F-2C2A-4175-85F4-8700F912213B}.Release|Any CPU.ActiveCfg = Release|Any CPU
		{10C8404F-2C2A-4175-85F4-8700F912213B}.Release|Any CPU.Build.0 = Release|Any CPU
		{8B4C037D-2A2D-48CE-9EAC-F448BB8EB1B3}.Debug|Any CPU.ActiveCfg = Debug|Any CPU
		{8B4C037D-2A2D-48CE-9EAC-F448BB8EB1B3}.Debug|Any CPU.Build.0 = Debug|Any CPU
		{8B4C037D-2A2D-48CE-9EAC-F448BB8EB1B3}.Release|Any CPU.ActiveCfg = Release|Any CPU
		{8B4C037D-2A2D-48CE-9EAC-F448BB8EB1B3}.Release|Any CPU.Build.0 = Release|Any CPU
		{DEDC7660-1C25-4631-9429-2F9180B1C515}.Debug|Any CPU.ActiveCfg = Debug|Any CPU
		{DEDC7660-1C25-4631-9429-2F9180B1C515}.Debug|Any CPU.Build.0 = Debug|Any CPU
		{DEDC7660-1C25-4631-9429-2F9180B1C515}.Release|Any CPU.ActiveCfg = Release|Any CPU
		{DEDC7660-1C25-4631-9429-2F9180B1C515}.Release|Any CPU.Build.0 = Release|Any CPU
		{17B6626C-F763-4E85-BC99-F19623AAF7D6}.Debug|Any CPU.ActiveCfg = Debug|Any CPU
		{17B6626C-F763-4E85-BC99-F19623AAF7D6}.Debug|Any CPU.Build.0 = Debug|Any CPU
		{17B6626C-F763-4E85-BC99-F19623AAF7D6}.Release|Any CPU.ActiveCfg = Release|Any CPU
		{17B6626C-F763-4E85-BC99-F19623AAF7D6}.Release|Any CPU.Build.0 = Release|Any CPU
		{B2429C0B-493B-4351-B928-F90E2F0AD6FD}.Debug|Any CPU.ActiveCfg = Debug|Any CPU
		{B2429C0B-493B-4351-B928-F90E2F0AD6FD}.Debug|Any CPU.Build.0 = Debug|Any CPU
		{B2429C0B-493B-4351-B928-F90E2F0AD6FD}.Release|Any CPU.ActiveCfg = Release|Any CPU
		{B2429C0B-493B-4351-B928-F90E2F0AD6FD}.Release|Any CPU.Build.0 = Release|Any CPU
		{97C931C6-2070-4F4E-84DA-8D464D5A1CCF}.Debug|Any CPU.ActiveCfg = Debug|Any CPU
		{97C931C6-2070-4F4E-84DA-8D464D5A1CCF}.Debug|Any CPU.Build.0 = Debug|Any CPU
		{97C931C6-2070-4F4E-84DA-8D464D5A1CCF}.Release|Any CPU.ActiveCfg = Release|Any CPU
		{97C931C6-2070-4F4E-84DA-8D464D5A1CCF}.Release|Any CPU.Build.0 = Release|Any CPU
		{3406A39B-7E1E-404E-A044-DA380FC60DAD}.Debug|Any CPU.ActiveCfg = Debug|Any CPU
		{3406A39B-7E1E-404E-A044-DA380FC60DAD}.Debug|Any CPU.Build.0 = Debug|Any CPU
		{3406A39B-7E1E-404E-A044-DA380FC60DAD}.Release|Any CPU.ActiveCfg = Release|Any CPU
		{3406A39B-7E1E-404E-A044-DA380FC60DAD}.Release|Any CPU.Build.0 = Release|Any CPU
		{2256E1D3-84A8-45F2-A86A-966FB07C48E2}.Debug|Any CPU.ActiveCfg = Debug|Any CPU
		{2256E1D3-84A8-45F2-A86A-966FB07C48E2}.Debug|Any CPU.Build.0 = Debug|Any CPU
		{2256E1D3-84A8-45F2-A86A-966FB07C48E2}.Release|Any CPU.ActiveCfg = Release|Any CPU
		{2256E1D3-84A8-45F2-A86A-966FB07C48E2}.Release|Any CPU.Build.0 = Release|Any CPU
		{4F3EC0BB-AFC5-4B99-9784-0B572DB5CE40}.Debug|Any CPU.ActiveCfg = Debug|Any CPU
		{4F3EC0BB-AFC5-4B99-9784-0B572DB5CE40}.Debug|Any CPU.Build.0 = Debug|Any CPU
		{4F3EC0BB-AFC5-4B99-9784-0B572DB5CE40}.Release|Any CPU.ActiveCfg = Release|Any CPU
		{4F3EC0BB-AFC5-4B99-9784-0B572DB5CE40}.Release|Any CPU.Build.0 = Release|Any CPU
		{9B891509-7310-48B4-8D20-91CA308CBA1E}.Debug|Any CPU.ActiveCfg = Debug|Any CPU
		{9B891509-7310-48B4-8D20-91CA308CBA1E}.Debug|Any CPU.Build.0 = Debug|Any CPU
		{9B891509-7310-48B4-8D20-91CA308CBA1E}.Release|Any CPU.ActiveCfg = Release|Any CPU
		{9B891509-7310-48B4-8D20-91CA308CBA1E}.Release|Any CPU.Build.0 = Release|Any CPU
		{12373204-F086-4AD8-9E03-987B79EA0633}.Debug|Any CPU.ActiveCfg = Debug|Any CPU
		{12373204-F086-4AD8-9E03-987B79EA0633}.Debug|Any CPU.Build.0 = Debug|Any CPU
		{12373204-F086-4AD8-9E03-987B79EA0633}.Release|Any CPU.ActiveCfg = Release|Any CPU
		{12373204-F086-4AD8-9E03-987B79EA0633}.Release|Any CPU.Build.0 = Release|Any CPU
		{E224C210-0C7F-45C0-BBC2-D290BE2F998B}.Debug|Any CPU.ActiveCfg = Debug|Any CPU
		{E224C210-0C7F-45C0-BBC2-D290BE2F998B}.Debug|Any CPU.Build.0 = Debug|Any CPU
		{E224C210-0C7F-45C0-BBC2-D290BE2F998B}.Release|Any CPU.ActiveCfg = Release|Any CPU
		{E224C210-0C7F-45C0-BBC2-D290BE2F998B}.Release|Any CPU.Build.0 = Release|Any CPU
		{0BF2B5C3-2989-4977-9856-5BA6DCEB848D}.Debug|Any CPU.ActiveCfg = Debug|Any CPU
		{0BF2B5C3-2989-4977-9856-5BA6DCEB848D}.Debug|Any CPU.Build.0 = Debug|Any CPU
		{0BF2B5C3-2989-4977-9856-5BA6DCEB848D}.Release|Any CPU.ActiveCfg = Release|Any CPU
		{0BF2B5C3-2989-4977-9856-5BA6DCEB848D}.Release|Any CPU.Build.0 = Release|Any CPU
		{24990365-C213-4008-B9FC-B9CFDC3635E6}.Debug|Any CPU.ActiveCfg = Debug|Any CPU
		{24990365-C213-4008-B9FC-B9CFDC3635E6}.Debug|Any CPU.Build.0 = Debug|Any CPU
		{24990365-C213-4008-B9FC-B9CFDC3635E6}.Release|Any CPU.ActiveCfg = Release|Any CPU
		{24990365-C213-4008-B9FC-B9CFDC3635E6}.Release|Any CPU.Build.0 = Release|Any CPU
		{93C059EC-BD2B-47CA-A5E8-5C7AAD21324E}.Debug|Any CPU.ActiveCfg = Debug|Any CPU
		{93C059EC-BD2B-47CA-A5E8-5C7AAD21324E}.Debug|Any CPU.Build.0 = Debug|Any CPU
		{93C059EC-BD2B-47CA-A5E8-5C7AAD21324E}.Release|Any CPU.ActiveCfg = Release|Any CPU
		{93C059EC-BD2B-47CA-A5E8-5C7AAD21324E}.Release|Any CPU.Build.0 = Release|Any CPU
		{A0985965-F2FD-47D3-96E3-FBA20599BE0A}.Debug|Any CPU.ActiveCfg = Debug|Any CPU
		{A0985965-F2FD-47D3-96E3-FBA20599BE0A}.Debug|Any CPU.Build.0 = Debug|Any CPU
		{A0985965-F2FD-47D3-96E3-FBA20599BE0A}.Release|Any CPU.ActiveCfg = Release|Any CPU
		{A0985965-F2FD-47D3-96E3-FBA20599BE0A}.Release|Any CPU.Build.0 = Release|Any CPU
		{F580D7E6-EDAB-4410-BBA0-6B40DE0095DB}.Debug|Any CPU.ActiveCfg = Debug|Any CPU
		{F580D7E6-EDAB-4410-BBA0-6B40DE0095DB}.Debug|Any CPU.Build.0 = Debug|Any CPU
		{F580D7E6-EDAB-4410-BBA0-6B40DE0095DB}.Release|Any CPU.ActiveCfg = Release|Any CPU
		{F580D7E6-EDAB-4410-BBA0-6B40DE0095DB}.Release|Any CPU.Build.0 = Release|Any CPU
		{BDD1799D-6AA3-4321-9727-F7DA4B6E51C6}.Debug|Any CPU.ActiveCfg = Debug|Any CPU
		{BDD1799D-6AA3-4321-9727-F7DA4B6E51C6}.Debug|Any CPU.Build.0 = Debug|Any CPU
		{BDD1799D-6AA3-4321-9727-F7DA4B6E51C6}.Release|Any CPU.ActiveCfg = Release|Any CPU
		{BDD1799D-6AA3-4321-9727-F7DA4B6E51C6}.Release|Any CPU.Build.0 = Release|Any CPU
		{E2D9DD48-EF68-41C5-9AF9-BD039C523DAE}.Debug|Any CPU.ActiveCfg = Debug|Any CPU
		{E2D9DD48-EF68-41C5-9AF9-BD039C523DAE}.Debug|Any CPU.Build.0 = Debug|Any CPU
		{E2D9DD48-EF68-41C5-9AF9-BD039C523DAE}.Release|Any CPU.ActiveCfg = Release|Any CPU
		{E2D9DD48-EF68-41C5-9AF9-BD039C523DAE}.Release|Any CPU.Build.0 = Release|Any CPU
		{2634B330-8F68-4AF0-9842-D1748DCBA107}.Debug|Any CPU.ActiveCfg = Debug|Any CPU
		{2634B330-8F68-4AF0-9842-D1748DCBA107}.Debug|Any CPU.Build.0 = Debug|Any CPU
		{2634B330-8F68-4AF0-9842-D1748DCBA107}.Release|Any CPU.ActiveCfg = Release|Any CPU
		{2634B330-8F68-4AF0-9842-D1748DCBA107}.Release|Any CPU.Build.0 = Release|Any CPU
	EndGlobalSection
	GlobalSection(SolutionProperties) = preSolution
		HideSolutionNode = FALSE
	EndGlobalSection
	GlobalSection(NestedProjects) = preSolution
		{03C7ED2B-C695-44FA-94F8-39164A85BE31} = {10D603E7-FA2D-4C58-A6D1-AC14B0082953}
		{086A59EC-A925-450F-80F8-9672FBF14304} = {03C7ED2B-C695-44FA-94F8-39164A85BE31}
		{4559E35A-705C-4203-875F-4B0483510DBD} = {10D603E7-FA2D-4C58-A6D1-AC14B0082953}
		{1FB1C540-582C-4C38-AC7C-939BA6DD0B19} = {4559E35A-705C-4203-875F-4B0483510DBD}
		{82F5F314-7A62-43F7-8EFF-D95EB94E2404} = {4559E35A-705C-4203-875F-4B0483510DBD}
		{3F14ACD0-8A18-4004-B02D-C86EDEF618AA} = {10D603E7-FA2D-4C58-A6D1-AC14B0082953}
		{E92B491E-4CA5-44B9-B3DD-38462A4AB077} = {3F14ACD0-8A18-4004-B02D-C86EDEF618AA}
		{F9C19C39-D8F8-4BF5-8CA2-8EBB87FCDC85} = {3F14ACD0-8A18-4004-B02D-C86EDEF618AA}
		{886363A7-C049-43B0-BA0D-2FAB15C06725} = {D19E5B26-33E4-4B6F-B9CE-875D0D7A6F39}
		{17A997AB-94C3-479F-932E-9A5EE5385078} = {886363A7-C049-43B0-BA0D-2FAB15C06725}
		{F7D06669-1DF8-47E0-8B92-74C0DE192B87} = {D19E5B26-33E4-4B6F-B9CE-875D0D7A6F39}
		{0B443E83-232C-4A20-9F12-B16556DC3FC4} = {F7D06669-1DF8-47E0-8B92-74C0DE192B87}
		{473DB134-CC86-42A9-A3D8-0E67CA45ED09} = {F7D06669-1DF8-47E0-8B92-74C0DE192B87}
		{4EABEBFA-A73F-4BAB-8D94-469B58EF2F5D} = {D19E5B26-33E4-4B6F-B9CE-875D0D7A6F39}
		{322CA59A-2B7F-4CCD-AEA6-DDF34A4EEE07} = {4EABEBFA-A73F-4BAB-8D94-469B58EF2F5D}
		{FFAC86EE-8DD5-4E1C-98F5-40CD2BA41169} = {4EABEBFA-A73F-4BAB-8D94-469B58EF2F5D}
		{3DF2785E-AED7-4EEE-9C72-5213D132CFC9} = {F4166E80-AC24-42C2-9689-E9B2FB2F4C90}
		{BF48FDF2-A78B-43AD-8ABA-9BBFC5D38034} = {3DF2785E-AED7-4EEE-9C72-5213D132CFC9}
		{0846B25A-37FC-4158-9DC1-F032AEC5B8EE} = {F4166E80-AC24-42C2-9689-E9B2FB2F4C90}
		{10C8404F-2C2A-4175-85F4-8700F912213B} = {0846B25A-37FC-4158-9DC1-F032AEC5B8EE}
		{388EA3D7-A019-4AFC-9DBB-B7017E2EC441} = {F4166E80-AC24-42C2-9689-E9B2FB2F4C90}
		{8B4C037D-2A2D-48CE-9EAC-F448BB8EB1B3} = {0846B25A-37FC-4158-9DC1-F032AEC5B8EE}
		{DEDC7660-1C25-4631-9429-2F9180B1C515} = {388EA3D7-A019-4AFC-9DBB-B7017E2EC441}
		{17B6626C-F763-4E85-BC99-F19623AAF7D6} = {388EA3D7-A019-4AFC-9DBB-B7017E2EC441}
		{DE60D936-56A0-4D5E-B9CD-A86A9FCEB131} = {13B52890-8110-4810-8D58-B8294250ADC8}
		{97C931C6-2070-4F4E-84DA-8D464D5A1CCF} = {DE60D936-56A0-4D5E-B9CD-A86A9FCEB131}
		{FA7F5971-0E0C-4C83-8B4A-4B4CBC8DD3E0} = {13B52890-8110-4810-8D58-B8294250ADC8}
		{3406A39B-7E1E-404E-A044-DA380FC60DAD} = {FA7F5971-0E0C-4C83-8B4A-4B4CBC8DD3E0}
		{2256E1D3-84A8-45F2-A86A-966FB07C48E2} = {FA7F5971-0E0C-4C83-8B4A-4B4CBC8DD3E0}
		{A1A46A30-2830-41C7-A104-A87F345E29A0} = {13B52890-8110-4810-8D58-B8294250ADC8}
		{4F3EC0BB-AFC5-4B99-9784-0B572DB5CE40} = {A1A46A30-2830-41C7-A104-A87F345E29A0}
		{9B891509-7310-48B4-8D20-91CA308CBA1E} = {A1A46A30-2830-41C7-A104-A87F345E29A0}
		{777325A4-F6D4-4A6A-AE1D-F5C1C00522EA} = {E5D726AD-D4B1-4AF6-B233-E207F3EE95D0}
		{12373204-F086-4AD8-9E03-987B79EA0633} = {777325A4-F6D4-4A6A-AE1D-F5C1C00522EA}
		{19C37A30-705A-452E-AF91-D3EF8AB6D8F8} = {E5D726AD-D4B1-4AF6-B233-E207F3EE95D0}
		{E224C210-0C7F-45C0-BBC2-D290BE2F998B} = {19C37A30-705A-452E-AF91-D3EF8AB6D8F8}
		{0BF2B5C3-2989-4977-9856-5BA6DCEB848D} = {19C37A30-705A-452E-AF91-D3EF8AB6D8F8}
		{6677A556-049D-4B25-AE12-2FB4026134F2} = {E5D726AD-D4B1-4AF6-B233-E207F3EE95D0}
		{24990365-C213-4008-B9FC-B9CFDC3635E6} = {6677A556-049D-4B25-AE12-2FB4026134F2}
		{93C059EC-BD2B-47CA-A5E8-5C7AAD21324E} = {6677A556-049D-4B25-AE12-2FB4026134F2}
		{12012617-1EF5-46BD-B5C4-40995CF8C8D0} = {7989BF43-E355-4EDF-BE44-1CE218920D8E}
		{A0985965-F2FD-47D3-96E3-FBA20599BE0A} = {12012617-1EF5-46BD-B5C4-40995CF8C8D0}
		{BBF1F752-1B37-4EAA-99A2-9CF3985C869E} = {7989BF43-E355-4EDF-BE44-1CE218920D8E}
		{F580D7E6-EDAB-4410-BBA0-6B40DE0095DB} = {BBF1F752-1B37-4EAA-99A2-9CF3985C869E}
		{5B507D15-30A6-414C-8F26-8E2B2976165C} = {7989BF43-E355-4EDF-BE44-1CE218920D8E}
		{BDD1799D-6AA3-4321-9727-F7DA4B6E51C6} = {5B507D15-30A6-414C-8F26-8E2B2976165C}
		{E2D9DD48-EF68-41C5-9AF9-BD039C523DAE} = {BBF1F752-1B37-4EAA-99A2-9CF3985C869E}
		{2634B330-8F68-4AF0-9842-D1748DCBA107} = {5B507D15-30A6-414C-8F26-8E2B2976165C}
	EndGlobalSection
	GlobalSection(ExtensibilityGlobals) = postSolution
		SolutionGuid = {4D9F7591-B556-4FBD-A875-6188830D699D}
	EndGlobalSection
EndGlobal
